
Microsoft Visual Studio Solution File, Format Version 12.00
Project("{FAE04EC0-301F-11D3-BF4B-00C04F79EFBC}") = "HesapMakinesiBasit", "HesapMakinesiBasit\HesapMakinesiBasit.csproj", "{D2CAA3C6-3D8F-4371-A33C-11DDEE7F785C}"
EndProject
Global
	GlobalSection(SolutionConfigurationPlatforms) = preSolution
		Debug|Any CPU = Debug|Any CPU
		Release|Any CPU = Release|Any CPU
	EndGlobalSection
	GlobalSection(ProjectConfigurationPlatforms) = postSolution
		{D2CAA3C6-3D8F-4371-A33C-11DDEE7F785C}.Debug|Any CPU.ActiveCfg = Debug|Any CPU
		{D2CAA3C6-3D8F-4371-A33C-11DDEE7F785C}.Debug|Any CPU.Build.0 = Debug|Any CPU
		{D2CAA3C6-3D8F-4371-A33C-11DDEE7F785C}.Release|Any CPU.ActiveCfg = Release|Any CPU
		{D2CAA3C6-3D8F-4371-A33C-11DDEE7F785C}.Release|Any CPU.Build.0 = Release|Any CPU
	EndGlobalSection
EndGlobal
